{
  "name": "standalone",
  "version": "1.0.0",
  "lockfileVersion": 3,
  "requires": true,
  "packages": {
    "": {
      "name": "standalone",
      "version": "1.0.0",
      "license": "ISC",
      "dependencies": {
        "@anthropic-ai/claude-code": "^2.1.233"
      }
    },
    "node_modules/@anthropic-ai/claude-code": {
      "version": "2.1.233",
      "resolved": "https://registry.npmjs.org/@anthropic-ai/claude-code/-/claude-code-2.1.233.tgz",
      "integrity": "sha512-WS0ZSsNu2zkQonC+rW7HdByMCkPQ2l+hO1G0LdvWTj40kiYr0qAiSJjCBNRIbi0foBol4IFTCKwLHAN83qxxUQ==",
      "hasInstallScript": true,
      "license": "SEE LICENSE IN README.md",
      "bin": {
        "claude": "bin/claude.exe"
      },
      "engines": {
        "node": ">=22.0.0"
      },
      "optionalDependencies": {
        "@anthropic-ai/claude-code-darwin-arm64": "2.1.233",
        "@anthropic-ai/claude-code-darwin-x64": "2.1.233",
        "@anthropic-ai/claude-code-linux-arm64": "2.1.233",
        "@anthropic-ai/claude-code-linux-arm64-musl": "2.1.233",
        "@anthropic-ai/claude-code-linux-x64": "2.1.233",
        "@anthropic-ai/claude-code-linux-x64-musl": "2.1.233",
        "@anthropic-ai/claude-code-win32-arm64": "2.1.233",
        "@anthropic-ai/claude-code-win32-x64": "2.1.233"
      }
    },
    "node_modules/@anthropic-ai/claude-code-darwin-arm64": {
      "version": "2.1.233",
      "resolved": "https://registry.npmjs.org/@anthropic-ai/claude-code-darwin-arm64/-/claude-code-darwin-arm64-2.1.233.tgz",
      "integrity": "sha512-mB2FyJQ0a+FTWbBTSQ3ZTAmm6Qxr5fSU2jA8JpHQ7XslcoKzmDV+/zN8CdGkshwY3kRLx432kDiHcBoTQuc/Dg==",
      "cpu": [
        "arm64"
      ],
      "license": "SEE LICENSE IN LICENSE.md",
      "optional": true,
      "os": [
        "darwin"
      ]
    },
    "node_modules/@anthropic-ai/claude-code-darwin-x64": {
      "version": "2.1.233",
      "resolved": "https://registry.npmjs.org/@anthropic-ai/claude-code-darwin-x64/-/claude-code-darwin-x64-2.1.233.tgz",
      "integrity": "sha512-uS5jiOm+JNcoPGHHQ0Z5V/8eWYWjPdUHY5LOKPEVaFNR+bDkQcPcsnBZk9oHOiex15TnDsFsTpIWTNLRs2Bv1Q==",
      "cpu": [
        "x64"
      ],
      "license": "SEE LICENSE IN LICENSE.md",
      "optional": true,
      "os": [
        "darwin"
      ]
    },
    "node_modules/@anthropic-ai/claude-code-linux-arm64": {
      "version": "2.1.233",
      "resolved": "https://registry.npmjs.org/@anthropic-ai/claude-code-linux-arm64/-/claude-code-linux-arm64-2.1.233.tgz",
      "integrity": "sha512-G7Te22sph7qywNyfIcQq7Li7bbQp8zBHZV4mDBBP5ZXswkGDJSip8MSNU2OlHsoVgcLtTzNlm0U25wys/r0jag==",
      "cpu": [
        "arm64"
      ],
      "libc": [
        "glibc"
      ],
      "license": "SEE LICENSE IN LICENSE.md",
      "optional": true,
      "os": [
        "linux"
      ]
    },
    "node_modules/@anthropic-ai/claude-code-linux-arm64-musl": {
      "version": "2.1.233",
      "resolved": "https://registry.npmjs.org/@anthropic-ai/claude-code-linux-arm64-musl/-/claude-code-linux-arm64-musl-2.1.233.tgz",
      "integrity": "sha512-XmMTZ3U4hhAUMvOQ794tmkz0/Mga39ecBB7vf+CdSm4HirdzOaGAvW18l7tWhcPRXH3M7Tx1bDefhyRdlSEc5g==",
      "cpu": [
        "arm64"
      ],
      "libc": [
        "musl"
      ],
      "license": "SEE LICENSE IN LICENSE.md",
      "optional": true,
      "os": [
        "linux"
      ]
    },
    "node_modules/@anthropic-ai/claude-code-linux-x64": {
      "version": "2.1.233",
      "resolved": "https://registry.npmjs.org/@anthropic-ai/claude-code-linux-x64/-/claude-code-linux-x64-2.1.233.tgz",
      "integrity": "sha512-ubMVvBBlsks5NE0EmucELB2h/XZ64L86JgmMBUWShLgDAkrrzCh1zIf5qX1+SPskXAnMfKBFTMNeaT6UruxRkQ==",
      "cpu": [
        "x64"
      ],
      "libc": [
        "glibc"
      ],
      "license": "SEE LICENSE IN LICENSE.md",
      "optional": true,
      "os": [
        "linux"
      ]
    },
    "node_modules/@anthropic-ai/claude-code-linux-x64-musl": {
      "version": "2.1.233",
      "resolved": "https://registry.npmjs.org/@anthropic-ai/claude-code-linux-x64-musl/-/claude-code-linux-x64-musl-2.1.233.tgz",
      "integrity": "sha512-KlgySdzFyoGmBLr6ReSBHclRwAzEuRLBmmYSHq2j9BLlXTy1kt0mhJoEffYkw1Hs5dasSK9sGEVgNt6wJ/PMmA==",
      "cpu": [
        "x64"
      ],
      "libc": [
        "musl"
      ],
      "license": "SEE LICENSE IN LICENSE.md",
      "optional": true,
      "os": [
        "linux"
      ]
    },
    "node_modules/@anthropic-ai/claude-code-win32-arm64": {
      "version": "2.1.233",
      "resolved": "https://registry.npmjs.org/@anthropic-ai/claude-code-win32-arm64/-/claude-code-win32-arm64-2.1.233.tgz",
      "integrity": "sha512-bB6YrEv+PtQG9aPhPyAwhJZpPlBqFrqshcHPj+0S1gOkj6CwjtbnTDOMhywsd593XsiI5lWaWi4ZUo0FDZjzaA==",
      "cpu": [
        "arm64"
      ],
      "license": "SEE LICENSE IN LICENSE.md",
      "optional": true,
      "os": [
        "win32"
      ]
    },
    "node_modules/@anthropic-ai/claude-code-win32-x64": {
      "version": "2.1.233",
      "resolved": "https://registry.npmjs.org/@anthropic-ai/claude-code-win32-x64/-/claude-code-win32-x64-2.1.233.tgz",
      "integrity": "sha512-8tg7+eDee3JfjBdNgxhVYrYr9eweqprRxten1OW+hrSTvKV5YjZb0CheFqtaqilDLILLt8LRQ0n/YeweQeycyA==",
      "cpu": [
        "x64"
      ],
      "license": "SEE LICENSE IN LICENSE.md",
      "optional": true,
      "os": [
        "win32"
      ]
    }
  }
}
